
Microsoft Visual Studio Solution File, Format Version 12.00
# Visual Studio Version 16
VisualStudioVersion = 16.0.32602.291
MinimumVisualStudioVersion = 10.0.40219.1
Project("{FAE04EC0-301F-11D3-BF4B-00C04F79EFBC}") = "SpecflowExamples", "SpecflowExamples\SpecflowExamples.csproj", "{548DA1B3-88F4-4F1C-91D4-8E8A5D2EBCAF}"
EndProject
Project("{FAE04EC0-301F-11D3-BF4B-00C04F79EFBC}") = "SpecFlowProject", "SpecFlowProject\SpecFlowProject.csproj", "{EFDF72FB-AF25-4B0B-A792-22149CDFAF6D}"
EndProject
Global
	GlobalSection(SolutionConfigurationPlatforms) = preSolution
		Debug|Any CPU = Debug|Any CPU
		Release|Any CPU = Release|Any CPU
	EndGlobalSection
	GlobalSection(ProjectConfigurationPlatforms) = postSolution
		{548DA1B3-88F4-4F1C-91D4-8E8A5D2EBCAF}.Debug|Any CPU.ActiveCfg = Debug|Any CPU
		{548DA1B3-88F4-4F1C-91D4-8E8A5D2EBCAF}.Debug|Any CPU.Build.0 = Debug|Any CPU
		{548DA1B3-88F4-4F1C-91D4-8E8A5D2EBCAF}.Release|Any CPU.ActiveCfg = Release|Any CPU
		{548DA1B3-88F4-4F1C-91D4-8E8A5D2EBCAF}.Release|Any CPU.Build.0 = Release|Any CPU
		{EFDF72FB-AF25-4B0B-A792-22149CDFAF6D}.Debug|Any CPU.ActiveCfg = Debug|Any CPU
		{EFDF72FB-AF25-4B0B-A792-22149CDFAF6D}.Debug|Any CPU.Build.0 = Debug|Any CPU
		{EFDF72FB-AF25-4B0B-A792-22149CDFAF6D}.Release|Any CPU.ActiveCfg = Release|Any CPU
		{EFDF72FB-AF25-4B0B-A792-22149CDFAF6D}.Release|Any CPU.Build.0 = Release|Any CPU
	EndGlobalSection
	GlobalSection(SolutionProperties) = preSolution
		HideSolutionNode = FALSE
	EndGlobalSection
	GlobalSection(ExtensibilityGlobals) = postSolution
		SolutionGuid = {FFEFADC4-60ED-4A7D-9F87-E1E4B02843D1}
	EndGlobalSection
EndGlobal
